
Microsoft Visual Studio Solution File, Format Version 12.00
# Visual Studio Version 17
VisualStudioVersion = 17.2.32616.157
MinimumVisualStudioVersion = 10.0.40219.1
Project("{FAE04EC0-301F-11D3-BF4B-00C04F79EFBC}") = "Lesson10", "Lesson10\Lesson10.csproj", "{FC23ABF0-EE1B-411D-B1FC-07ED9D025F75}"
EndProject
Global
	GlobalSection(SolutionConfigurationPlatforms) = preSolution
		Debug|Any CPU = Debug|Any CPU
		Release|Any CPU = Release|Any CPU
	EndGlobalSection
	GlobalSection(ProjectConfigurationPlatforms) = postSolution
		{FC23ABF0-EE1B-411D-B1FC-07ED9D025F75}.Debug|Any CPU.ActiveCfg = Debug|Any CPU
		{FC23ABF0-EE1B-411D-B1FC-07ED9D025F75}.Debug|Any CPU.Build.0 = Debug|Any CPU
		{FC23ABF0-EE1B-411D-B1FC-07ED9D025F75}.Release|Any CPU.ActiveCfg = Release|Any CPU
		{FC23ABF0-EE1B-411D-B1FC-07ED9D025F75}.Release|Any CPU.Build.0 = Release|Any CPU
	EndGlobalSection
	GlobalSection(SolutionProperties) = preSolution
		HideSolutionNode = FALSE
	EndGlobalSection
	GlobalSection(ExtensibilityGlobals) = postSolution
		SolutionGuid = {ADB23D38-22D1-431E-9E82-0EA5882AFAA7}
	EndGlobalSection
EndGlobal
